<?xml version="1.0" encoding="utf-8"?>
<Project ToolsVersion="4.0" xmlns="http://schemas.microsoft.com/developer/msbuild/2003">
  <ItemGroup>
    <Filter Include="Source Files">
      <UniqueIdentifier>{4FC737F1-C7A5-4376-A066-2A32D752A2FF}</UniqueIdentifier>
      <Extensions>cpp;c;cc;cxx;def;odl;idl;hpj;bat;asm;asmx</Extensions>
    </Filter>
    <Filter Include="Header Files">
      <UniqueIdentifier>{93995380-89BD-4b04-88EB-625FBE52EBFB}</UniqueIdentifier>
      <Extensions>h;hpp;hxx;hm;inl;inc;xsd</Extensions>
    </Filter>
    <Filter Include="Resource Files">
      <UniqueIdentifier>{67DA6AB6-F800-4c08-8B7A-83BB121AAD01}</UniqueIdentifier>
      <Extensions>rc;ico;cur;bmp;dlg;rc2;rct;bin;rgs;gif;jpg;jpeg;jpe;resx;tiff;tif;png;wav</Extensions>
    </Filter>
    <Filter Include="Header Files\Math">
      <UniqueIdentifier>{a2fcf4d7-0ebd-41f0-bd62-8bd091e8574e}</UniqueIdentifier>
    </Filter>
    <Filter Include="Header Files\Bounds">
      <UniqueIdentifier>{568760d8-22b8-48cf-a996-010d2721d7dc}</UniqueIdentifier>
    </Filter>
    <Filter Include="Source Files\Bounds">
      <UniqueIdentifier>{38cfee2c-2aa6-4b8f-b121-6bb266b884f0}</UniqueIdentifier>
    </Filter>
    <Filter Include="Header Files\States">
      <UniqueIdentifier>{9155171a-8ef2-437d-875d-8aeeaf79031a}</UniqueIdentifier>
    </Filter>
    <Filter Include="Source Files\States">
      <UniqueIdentifier>{2fa38484-6636-4c7b-9fa9-68b711c63497}</UniqueIdentifier>
    </Filter>
    <Filter Include="Source Files\Objects">
      <UniqueIdentifier>{a831caef-91f7-4ab1-b252-7891f4275629}</UniqueIdentifier>
    </Filter>
    <Filter Include="Header Files\Random">
      <UniqueIdentifier>{dd60e649-aa9f-496f-a4b9-a0d0e19539cc}</UniqueIdentifier>
    </Filter>
    <Filter Include="Source Files\Random">
      <UniqueIdentifier>{7ed57dd5-118b-42b2-8d30-b3414cf92b8f}</UniqueIdentifier>
    </Filter>
    <Filter Include="Header Files\Objects">
      <UniqueIdentifier>{98bcf67b-62c2-4f33-a525-d715f5c19c77}</UniqueIdentifier>
    </Filter>
  </ItemGroup>
  <ItemGroup>
    <ClCompile Include="Colour.cpp">
      <Filter>Source Files</Filter>
    </ClCompile>
    <ClCompile Include="BoundingBox.cpp">
      <Filter>Source Files\Bounds</Filter>
    </ClCompile>
    <ClCompile Include="Circle.cpp">
      <Filter>Source Files\Bounds</Filter>
    </ClCompile>
    <ClCompile Include="Activity.cpp">
      <Filter>Source Files\States</Filter>
    </ClCompile>
    <ClCompile Include="GameObject.cpp">
      <Filter>Source Files\Objects</Filter>
    </ClCompile>
    <ClCompile Include="CollidableObject.cpp">
      <Filter>Source Files\Objects</Filter>
    </ClCompile>
    <ClCompile Include="Player.cpp">
      <Filter>Source Files\Objects</Filter>
    </ClCompile>
    <ClCompile Include="main.cpp">
      <Filter>Source Files</Filter>
    </ClCompile>
    <ClCompile Include="StartGame.cpp">
      <Filter>Source Files\States</Filter>
    </ClCompile>
    <ClCompile Include="ActivityManager.cpp">
      <Filter>Source Files</Filter>
    </ClCompile>
    <ClCompile Include="PlayGame.cpp">
      <Filter>Source Files\States</Filter>
    </ClCompile>
    <ClCompile Include="console.cpp">
      <Filter>Source Files\Random</Filter>
    </ClCompile>
    <ClCompile Include="ImageLoading.cpp">
      <Filter>Source Files\Random</Filter>
    </ClCompile>
    <ClCompile Include="Maths.cpp">
      <Filter>Source Files\Random</Filter>
    </ClCompile>
    <ClCompile Include="EndGame.cpp">
      <Filter>Source Files\States</Filter>
    </ClCompile>
    <ClCompile Include="FreeType.cpp">
      <Filter>Source Files</Filter>
    </ClCompile>
  </ItemGroup>
  <ItemGroup>
    <ClInclude Include="Math\Point4.h">
      <Filter>Header Files\Math</Filter>
    </ClInclude>
    <ClInclude Include="Math\Point2.h">
      <Filter>Header Files\Math</Filter>
    </ClInclude>
    <ClInclude Include="Math\Point3.h">
      <Filter>Header Files\Math</Filter>
    </ClInclude>
    <ClInclude Include="Colour.h">
      <Filter>Header Files</Filter>
    </ClInclude>
    <ClInclude Include="Math\Vector2.h">
      <Filter>Header Files\Math</Filter>
    </ClInclude>
    <ClInclude Include="BoundingBox.h">
      <Filter>Header Files\Bounds</Filter>
    </ClInclude>
    <ClInclude Include="Circle.h">
      <Filter>Header Files\Bounds</Filter>
    </ClInclude>
    <ClInclude Include="Activity.h">
      <Filter>Header Files\States</Filter>
    </ClInclude>
    <ClInclude Include="Maths.h">
      <Filter>Header Files\Math</Filter>
    </ClInclude>
    <ClInclude Include="CollidableObject.h">
      <Filter>Header Files\Objects</Filter>
    </ClInclude>
    <ClInclude Include="GameObject.h">
      <Filter>Header Files\Objects</Filter>
    </ClInclude>
    <ClInclude Include="Player.h">
      <Filter>Header Files\Objects</Filter>
    </ClInclude>
    <ClInclude Include="StartGame.h">
      <Filter>Header Files\States</Filter>
    </ClInclude>
    <ClInclude Include="ActivityManager.h">
      <Filter>Header Files</Filter>
    </ClInclude>
    <ClInclude Include="PlayGame.h">
      <Filter>Header Files\States</Filter>
    </ClInclude>
    <ClInclude Include="Clock.h">
      <Filter>Header Files\Random</Filter>
    </ClInclude>
    <ClInclude Include="ImageLoading.h">
      <Filter>Header Files\Random</Filter>
    </ClInclude>
    <ClInclude Include="KeyboardDefinitions.h">
      <Filter>Header Files\Random</Filter>
    </ClInclude>
    <ClInclude Include="Image_Loading\nvImage.h">
      <Filter>Header Files\Random</Filter>
    </ClInclude>
    <ClInclude Include="console.h">
      <Filter>Header Files\Random</Filter>
    </ClInclude>
    <ClInclude Include="EndGame.h">
      <Filter>Header Files\States</Filter>
    </ClInclude>
    <ClInclude Include="FreeType.h">
      <Filter>Header Files</Filter>
    </ClInclude>
  </ItemGroup>
</Project>